
Microsoft Visual Studio Solution File, Format Version 12.00
# Visual Studio Version 16
VisualStudioVersion = 16.0.809.1
MinimumVisualStudioVersion = 10.0.40219.1
Project("{FAE04EC0-301F-11D3-BF4B-00C04F79EFBC}") = "ValidPasswordAPI", "ValidPasswordAPI\ValidPasswordAPI.csproj", "{97844576-46E7-4F73-8340-D75C65ED4567}"
EndProject
Project("{FAE04EC0-301F-11D3-BF4B-00C04F79EFBC}") = "ValidPasswordLib", "ValidPasswordLib\ValidPasswordLib.csproj", "{25B46B2D-346B-4AC2-8457-1806E994D9D2}"
EndProject
Project("{FAE04EC0-301F-11D3-BF4B-00C04F79EFBC}") = "ValidPasswordMSTest", "ValidPasswordMSTest\ValidPasswordMSTest.csproj", "{C6DC52B1-E4FA-4297-80BE-34CDED8139B4}"
EndProject
Project("{FAE04EC0-301F-11D3-BF4B-00C04F79EFBC}") = "ValidPasswordInterfaces", "ValidPasswordInterfaces\ValidPasswordInterfaces.csproj", "{8C7FE0ED-E81A-4AF1-94EC-1B91AF48023D}"
EndProject
Project("{2150E333-8FDC-42A3-9474-1A3956D46DE8}") = "APIs", "APIs", "{40E5E59C-EC36-4F96-AD84-37ABC93B3573}"
EndProject
Project("{2150E333-8FDC-42A3-9474-1A3956D46DE8}") = "Interfaces", "Interfaces", "{F451F965-EC02-4365-85C8-926913F36C7C}"
EndProject
Project("{2150E333-8FDC-42A3-9474-1A3956D46DE8}") = "Lib1", "Lib1", "{86CE9612-C0A4-4A1D-ACC2-49B147B7D763}"
EndProject
Global
	GlobalSection(SolutionConfigurationPlatforms) = preSolution
		Debug|Any CPU = Debug|Any CPU
		Release|Any CPU = Release|Any CPU
	EndGlobalSection
	GlobalSection(ProjectConfigurationPlatforms) = postSolution
		{97844576-46E7-4F73-8340-D75C65ED4567}.Debug|Any CPU.ActiveCfg = Debug|Any CPU
		{97844576-46E7-4F73-8340-D75C65ED4567}.Debug|Any CPU.Build.0 = Debug|Any CPU
		{97844576-46E7-4F73-8340-D75C65ED4567}.Release|Any CPU.ActiveCfg = Release|Any CPU
		{97844576-46E7-4F73-8340-D75C65ED4567}.Release|Any CPU.Build.0 = Release|Any CPU
		{25B46B2D-346B-4AC2-8457-1806E994D9D2}.Debug|Any CPU.ActiveCfg = Debug|Any CPU
		{25B46B2D-346B-4AC2-8457-1806E994D9D2}.Debug|Any CPU.Build.0 = Debug|Any CPU
		{25B46B2D-346B-4AC2-8457-1806E994D9D2}.Release|Any CPU.ActiveCfg = Release|Any CPU
		{25B46B2D-346B-4AC2-8457-1806E994D9D2}.Release|Any CPU.Build.0 = Release|Any CPU
		{C6DC52B1-E4FA-4297-80BE-34CDED8139B4}.Debug|Any CPU.ActiveCfg = Debug|Any CPU
		{C6DC52B1-E4FA-4297-80BE-34CDED8139B4}.Debug|Any CPU.Build.0 = Debug|Any CPU
		{C6DC52B1-E4FA-4297-80BE-34CDED8139B4}.Release|Any CPU.ActiveCfg = Release|Any CPU
		{C6DC52B1-E4FA-4297-80BE-34CDED8139B4}.Release|Any CPU.Build.0 = Release|Any CPU
		{8C7FE0ED-E81A-4AF1-94EC-1B91AF48023D}.Debug|Any CPU.ActiveCfg = Debug|Any CPU
		{8C7FE0ED-E81A-4AF1-94EC-1B91AF48023D}.Debug|Any CPU.Build.0 = Debug|Any CPU
		{8C7FE0ED-E81A-4AF1-94EC-1B91AF48023D}.Release|Any CPU.ActiveCfg = Release|Any CPU
		{8C7FE0ED-E81A-4AF1-94EC-1B91AF48023D}.Release|Any CPU.Build.0 = Release|Any CPU
	EndGlobalSection
	GlobalSection(SolutionProperties) = preSolution
		HideSolutionNode = FALSE
	EndGlobalSection
	GlobalSection(ExtensibilityGlobals) = postSolution
		SolutionGuid = {D81FC209-4E30-4E6B-BFE0-80B94A95F003}
	EndGlobalSection
	GlobalSection(NestedProjects) = preSolution
		{97844576-46E7-4F73-8340-D75C65ED4567} = {40E5E59C-EC36-4F96-AD84-37ABC93B3573}
		{8C7FE0ED-E81A-4AF1-94EC-1B91AF48023D} = {F451F965-EC02-4365-85C8-926913F36C7C}
		{25B46B2D-346B-4AC2-8457-1806E994D9D2} = {86CE9612-C0A4-4A1D-ACC2-49B147B7D763}
		{C6DC52B1-E4FA-4297-80BE-34CDED8139B4} = {86CE9612-C0A4-4A1D-ACC2-49B147B7D763}
	EndGlobalSection
EndGlobal
